
Microsoft Visual Studio Solution File, Format Version 12.00
# Visual Studio Version 16
VisualStudioVersion = 16.0.29025.244
MinimumVisualStudioVersion = 10.0.40219.1
Project("{888888A0-9F3D-457C-B088-3A5042F75D52}") = "YeetTheorem", "YeetTheorem\YeetTheorem.pyproj", "{7AB49D40-02E9-47CC-8CBE-0A52417B6AE3}"
EndProject
Global
	GlobalSection(SolutionConfigurationPlatforms) = preSolution
		Debug|Any CPU = Debug|Any CPU
		Release|Any CPU = Release|Any CPU
	EndGlobalSection
	GlobalSection(ProjectConfigurationPlatforms) = postSolution
		{7AB49D40-02E9-47CC-8CBE-0A52417B6AE3}.Debug|Any CPU.ActiveCfg = Debug|Any CPU
		{7AB49D40-02E9-47CC-8CBE-0A52417B6AE3}.Release|Any CPU.ActiveCfg = Release|Any CPU
	EndGlobalSection
	GlobalSection(SolutionProperties) = preSolution
		HideSolutionNode = FALSE
	EndGlobalSection
	GlobalSection(ExtensibilityGlobals) = postSolution
		SolutionGuid = {459FFDC6-BB4B-41A8-9634-651578A00547}
	EndGlobalSection
EndGlobal
